
Microsoft Visual Studio Solution File, Format Version 12.00
# Visual Studio Version 16
VisualStudioVersion = 16.0.31112.23
MinimumVisualStudioVersion = 10.0.40219.1
Project("{FAE04EC0-301F-11D3-BF4B-00C04F79EFBC}") = "WebApp05", "WebApp05\WebApp05.csproj", "{7AA55044-AE05-44BE-B903-066808A91407}"
EndProject
Global
	GlobalSection(SolutionConfigurationPlatforms) = preSolution
		Debug|Any CPU = Debug|Any CPU
		Release|Any CPU = Release|Any CPU
	EndGlobalSection
	GlobalSection(ProjectConfigurationPlatforms) = postSolution
		{7AA55044-AE05-44BE-B903-066808A91407}.Debug|Any CPU.ActiveCfg = Debug|Any CPU
		{7AA55044-AE05-44BE-B903-066808A91407}.Debug|Any CPU.Build.0 = Debug|Any CPU
		{7AA55044-AE05-44BE-B903-066808A91407}.Release|Any CPU.ActiveCfg = Release|Any CPU
		{7AA55044-AE05-44BE-B903-066808A91407}.Release|Any CPU.Build.0 = Release|Any CPU
	EndGlobalSection
	GlobalSection(SolutionProperties) = preSolution
		HideSolutionNode = FALSE
	EndGlobalSection
	GlobalSection(ExtensibilityGlobals) = postSolution
		SolutionGuid = {719A0DB7-14EF-4A3E-A2D6-0AFAFB79E920}
	EndGlobalSection
EndGlobal
